{
  "name": "test",
  "version": "1.0.0",
  "lockfileVersion": 3,
  "requires": true,
  "packages": {
    "": {
      "name": "test",
      "version": "1.0.0",
      "license": "ISC",
      "dependencies": {
        "@rhushya/add": "^1.0.0"
      }
    },
    "node_modules/@rhushya/add": {
      "version": "1.0.0",
      "resolved": "https://registry.npmjs.org/@rhushya/add/-/add-1.0.0.tgz",
      "integrity": "sha512-T3svVE0BiQ7jYrzsQdsrVksFrICkkduFoado79ojUid1mZXQBFhcTYG76eOMIWsQAeruwHdPhuGkH2GkH1f4cw=="
    }
  }
}
